PODS:
  - Alamofire (4.5.1)
  - GoogleMaps (2.4.0):
    - GoogleMaps/Maps (= 2.4.0)
  - GoogleMaps/Base (2.4.0)
  - GoogleMaps/Maps (2.4.0):
    - GoogleMaps/Base
  - GooglePlaces (2.4.0):
    - GoogleMaps/Base (= 2.4.0)
  - SCLAlertView (0.7.0)
  - SwiftSocket (2.0.2)
  - SwiftyJSON (3.1.4)

DEPENDENCIES:
  - Alamofire (~> 4.5)
  - GoogleMaps
  - GooglePlaces
  - SCLAlertView
  - SwiftSocket
  - SwiftyJSON

SPEC CHECKSUMS:
  Alamofire: 2d95912bf4c34f164fdfc335872e8c312acaea4a
  GoogleMaps: 8436ab5d1c25e36915b2f7416d0c8e3fa2e76c61
  GooglePlaces: aafe5990fa7951e98e078761bbdaaf236d7e0c65
  SCLAlertView: 8a14ffc40590c619e183eed2298b854385f30be1
  SwiftSocket: 6f4c9c63fbc5c1d61188936bb3c599fd546f40ae
  SwiftyJSON: c2842d878f95482ffceec5709abc3d05680c0220

PODFILE CHECKSUM: ad482a02a07a6d3a48a65bade3953c478306986c

COCOAPODS: 1.3.1
