// !$*UTF8*$!
{
	archiveVersion = 1;
	classes = {
	};
	objectVersion = 48;
	objects = {

/* Begin PBXBuildFile section */
		8D8F1FAA1FDAE69500C69041 /* AppDelegate.swift in Sources */ = {isa = PBXBuildFile; fileRef = 8D8F1FA91FDAE69500C69041 /* AppDelegate.swift */; };
		8D8F1FAC1FDAE69500C69041 /* ViewController.swift in Sources */ = {isa = PBXBuildFile; fileRef = 8D8F1FAB1FDAE69500C69041 /* ViewController.swift */; };
		8D8F1FAF1FDAE69500C69041 /* Main.storyboard in Resources */ = {isa = PBXBuildFile; fileRef = 8D8F1FAD1FDAE69500C69041 /* Main.storyboard */; };
		8D8F1FB11FDAE69500C69041 /* Assets.xcassets in Resources */ = {isa = PBXBuildFile; fileRef = 8D8F1FB01FDAE69500C69041 /* Assets.xcassets */; };
		8D8F1FB41FDAE69500C69041 /* LaunchScreen.storyboard in Resources */ = {isa = PBXBuildFile; fileRef = 8D8F1FB21FDAE69500C69041 /* LaunchScreen.storyboard */; };
		8D8F1FBF1FDAE69500C69041 /* HackDay2017Tests.swift in Sources */ = {isa = PBXBuildFile; fileRef = 8D8F1FBE1FDAE69500C69041 /* HackDay2017Tests.swift */; };
		8D8F1FCA1FDAE69500C69041 /* HackDay2017UITests.swift in Sources */ = {isa = PBXBuildFile; fileRef = 8D8F1FC91FDAE69500C69041 /* HackDay2017UITests.swift */; };
/* End PBXBuildFile section */

/* Begin PBXContainerItemProxy section */
		8D8F1FBB1FDAE69500C69041 /* PBXContainerItemProxy */ = {
			isa = PBXContainerItemProxy;
			containerPortal = 8D8F1F9E1FDAE69500C69041 /* Project object */;
			proxyType = 1;
			remoteGlobalIDString = 8D8F1FA51FDAE69500C69041;
			remoteInfo = HackDay2017;
		};
		8D8F1FC61FDAE69500C69041 /* PBXContainerItemProxy */ = {
			isa = PBXContainerItemProxy;
			containerPortal = 8D8F1F9E1FDAE69500C69041 /* Project object */;
			proxyType = 1;
			remoteGlobalIDString = 8D8F1FA51FDAE69500C69041;
			remoteInfo = HackDay2017;
		};
/* End PBXContainerItemProxy section */

/* Begin PBXFileReference section */
		8D8F1FA61FDAE69500C69041 /* HackDay2017.app */ = {isa = PBXFileReference; explicitFileType = wrapper.application; includeInIndex = 0; path = HackDay2017.app; sourceTree = BUILT_PRODUCTS_DIR; };
		8D8F1FA91FDAE69500C69041 /* AppDelegate.swift */ = {isa = PBXFileReference; lastKnownFileType = sourcecode.swift; path = AppDelegate.swift; sourceTree = "<group>"; };
		8D8F1FAB1FDAE69500C69041 /* ViewController.swift */ = {isa = PBXFileReference; lastKnownFileType = sourcecode.swift; path = ViewController.swift; sourceTree = "<group>"; };
		8D8F1FAE1FDAE69500C69041 /* Base */ = {isa = PBXFileReference; lastKnownFileType = file.storyboard; name = Base; path = Base.lproj/Main.storyboard; sourceTree = "<group>"; };
		8D8F1FB01FDAE69500C69041 /* Assets.xcassets */ = {isa = PBXFileReference; lastKnownFileType = folder.assetcatalog; path = Assets.xcassets; sourceTree = "<group>"; };
		8D8F1FB31FDAE69500C69041 /* Base */ = {isa = PBXFileReference; lastKnownFileType = file.storyboard; name = Base; path = Base.lproj/LaunchScreen.storyboard; sourceTree = "<group>"; };
		8D8F1FB51FDAE69500C69041 /* Info.plist */ = {isa = PBXFileReference; lastKnownFileType = text.plist.xml; path = Info.plist; sourceTree = "<group>"; };
		8D8F1FBA1FDAE69500C69041 /* HackDay2017Tests.xctest */ = {isa = PBXFileReference; explicitFileType = wrapper.cfbundle; includeInIndex = 0; path = HackDay2017Tests.xctest; sourceTree = BUILT_PRODUCTS_DIR; };
		8D8F1FBE1FDAE69500C69041 /* HackDay2017Tests.swift */ = {isa = PBXFileReference; lastKnownFileType = sourcecode.swift; path = HackDay2017Tests.swift; sourceTree = "<group>"; };
		8D8F1FC01FDAE69500C69041 /* Info.plist */ = {isa = PBXFileReference; lastKnownFileType = text.plist.xml; path = Info.plist; sourceTree = "<group>"; };
		8D8F1FC51FDAE69500C69041 /* HackDay2017UITests.xctest */ = {isa = PBXFileReference; explicitFileType = wrapper.cfbundle; includeInIndex = 0; path = HackDay2017UITests.xctest; sourceTree = BUILT_PRODUCTS_DIR; };
		8D8F1FC91FDAE69500C69041 /* HackDay2017UITests.swift */ = {isa = PBXFileReference; lastKnownFileType = sourcecode.swift; path = HackDay2017UITests.swift; sourceTree = "<group>"; };
		8D8F1FCB1FDAE69500C69041 /* Info.plist */ = {isa = PBXFileReference; lastKnownFileType = text.plist.xml; path = Info.plist; sourceTree = "<group>"; };
/* End PBXFileReference section */

/* Begin PBXFrameworksBuildPhase section */
		8D8F1FA31FDAE69500C69041 /* Frameworks */ = {
			isa = PBXFrameworksBuildPhase;
			buildActionMask = 2147483647;
			files = (
			);
			runOnlyForDeploymentPostprocessing = 0;
		};
		8D8F1FB71FDAE69500C69041 /* Frameworks */ = {
			isa = PBXFrameworksBuildPhase;
			buildActionMask = 2147483647;
			files = (
			);
			runOnlyForDeploymentPostprocessing = 0;
		};
		8D8F1FC21FDAE69500C69041 /* Frameworks */ = {
			isa = PBXFrameworksBuildPhase;
			buildActionMask = 2147483647;
			files = (
			);
			runOnlyForDeploymentPostprocessing = 0;
		};
/* End PBXFrameworksBuildPhase section */

/* Begin PBXGroup section */
		8D8F1F9D1FDAE69500C69041 = {
			isa = PBXGroup;
			children = (
				8D8F1FA81FDAE69500C69041 /* HackDay2017 */,
				8D8F1FBD1FDAE69500C69041 /* HackDay2017Tests */,
				8D8F1FC81FDAE69500C69041 /* HackDay2017UITests */,
				8D8F1FA71FDAE69500C69041 /* Products */,
			);
			sourceTree = "<group>";
		};
		8D8F1FA71FDAE69500C69041 /* Products */ = {
			isa = PBXGroup;
			children = (
				8D8F1FA61FDAE69500C69041 /* HackDay2017.app */,
				8D8F1FBA1FDAE69500C69041 /* HackDay2017Tests.xctest */,
				8D8F1FC51FDAE69500C69041 /* HackDay2017UITests.xctest */,
			);
			name = Products;
			sourceTree = "<group>";
		};
		8D8F1FA81FDAE69500C69041 /* HackDay2017 */ = {
			isa = PBXGroup;
			children = (
				8D8F1FA91FDAE69500C69041 /* AppDelegate.swift */,
				8D8F1FAB1FDAE69500C69041 /* ViewController.swift */,
				8D8F1FAD1FDAE69500C69041 /* Main.storyboard */,
				8D8F1FB01FDAE69500C69041 /* Assets.xcassets */,
				8D8F1FB21FDAE69500C69041 /* LaunchScreen.storyboard */,
				8D8F1FB51FDAE69500C69041 /* Info.plist */,
			);
			path = HackDay2017;
			sourceTree = "<group>";
		};
		8D8F1FBD1FDAE69500C69041 /* HackDay2017Tests */ = {
			isa = PBXGroup;
			children = (
				8D8F1FBE1FDAE69500C69041 /* HackDay2017Tests.swift */,
				8D8F1FC01FDAE69500C69041 /* Info.plist */,
			);
			path = HackDay2017Tests;
			sourceTree = "<group>";
		};
		8D8F1FC81FDAE69500C69041 /* HackDay2017UITests */ = {
			isa = PBXGroup;
			children = (
				8D8F1FC91FDAE69500C69041 /* HackDay2017UITests.swift */,
				8D8F1FCB1FDAE69500C69041 /* Info.plist */,
			);
			path = HackDay2017UITests;
			sourceTree = "<group>";
		};
/* End PBXGroup section */

/* Begin PBXNativeTarget section */
		8D8F1FA51FDAE69500C69041 /* HackDay2017 */ = {
			isa = PBXNativeTarget;
			buildConfigurationList = 8D8F1FCE1FDAE69500C69041 /* Build configuration list for PBXNativeTarget "HackDay2017" */;
			buildPhases = (
				8D8F1FA21FDAE69500C69041 /* Sources */,
				8D8F1FA31FDAE69500C69041 /* Frameworks */,
				8D8F1FA41FDAE69500C69041 /* Resources */,
			);
			buildRules = (
			);
			dependencies = (
			);
			name = HackDay2017;
			productName = HackDay2017;
			productReference = 8D8F1FA61FDAE69500C69041 /* HackDay2017.app */;
			productType = "com.apple.product-type.application";
		};
		8D8F1FB91FDAE69500C69041 /* HackDay2017Tests */ = {
			isa = PBXNativeTarget;
			buildConfigurationList = 8D8F1FD11FDAE69500C69041 /* Build configuration list for PBXNativeTarget "HackDay2017Tests" */;
			buildPhases = (
				8D8F1FB61FDAE69500C69041 /* Sources */,
				8D8F1FB71FDAE69500C69041 /* Frameworks */,
				8D8F1FB81FDAE69500C69041 /* Resources */,
			);
			buildRules = (
			);
			dependencies = (
				8D8F1FBC1FDAE69500C69041 /* PBXTargetDependency */,
			);
			name = HackDay2017Tests;
			productName = HackDay2017Tests;
			productReference = 8D8F1FBA1FDAE69500C69041 /* HackDay2017Tests.xctest */;
			productType = "com.apple.product-type.bundle.unit-test";
		};
		8D8F1FC41FDAE69500C69041 /* HackDay2017UITests */ = {
			isa = PBXNativeTarget;
			buildConfigurationList = 8D8F1FD41FDAE69500C69041 /* Build configuration list for PBXNativeTarget "HackDay2017UITests" */;
			buildPhases = (
				8D8F1FC11FDAE69500C69041 /* Sources */,
				8D8F1FC21FDAE69500C69041 /* Frameworks */,
				8D8F1FC31FDAE69500C69041 /* Resources */,
			);
			buildRules = (
			);
			dependencies = (
				8D8F1FC71FDAE69500C69041 /* PBXTargetDependency */,
			);
			name = HackDay2017UITests;
			productName = HackDay2017UITests;
			productReference = 8D8F1FC51FDAE69500C69041 /* HackDay2017UITests.xctest */;
			productType = "com.apple.product-type.bundle.ui-testing";
		};
/* End PBXNativeTarget section */

/* Begin PBXProject section */
		8D8F1F9E1FDAE69500C69041 /* Project object */ = {
			isa = PBXProject;
			attributes = {
				LastSwiftUpdateCheck = 0920;
				LastUpgradeCheck = 0920;
				ORGANIZATIONNAME = "junpei ono";
				TargetAttributes = {
					8D8F1FA51FDAE69500C69041 = {
						CreatedOnToolsVersion = 9.2;
						ProvisioningStyle = Automatic;
					};
					8D8F1FB91FDAE69500C69041 = {
						CreatedOnToolsVersion = 9.2;
						ProvisioningStyle = Automatic;
						TestTargetID = 8D8F1FA51FDAE69500C69041;
					};
					8D8F1FC41FDAE69500C69041 = {
						CreatedOnToolsVersion = 9.2;
						ProvisioningStyle = Automatic;
						TestTargetID = 8D8F1FA51FDAE69500C69041;
					};
				};
			};
			buildConfigurationList = 8D8F1FA11FDAE69500C69041 /* Build configuration list for PBXProject "HackDay2017" */;
			compatibilityVersion = "Xcode 8.0";
			developmentRegion = en;
			hasScannedForEncodings = 0;
			knownRegions = (
				en,
				Base,
			);
			mainGroup = 8D8F1F9D1FDAE69500C69041;
			productRefGroup = 8D8F1FA71FDAE69500C69041 /* Products */;
			projectDirPath = "";
			projectRoot = "";
			targets = (
				8D8F1FA51FDAE69500C69041 /* HackDay2017 */,
				8D8F1FB91FDAE69500C69041 /* HackDay2017Tests */,
				8D8F1FC41FDAE69500C69041 /* HackDay2017UITests */,
			);
		};
/* End PBXProject section */

/* Begin PBXResourcesBuildPhase section */
		8D8F1FA41FDAE69500C69041 /* Resources */ = {
			isa = PBXResourcesBuildPhase;
			buildActionMask = 2147483647;
			files = (
				8D8F1FB41FDAE69500C69041 /* LaunchScreen.storyboard in Resources */,
				8D8F1FB11FDAE69500C69041 /* Assets.xcassets in Resources */,
				8D8F1FAF1FDAE69500C69041 /* Main.storyboard in Resources */,
			);
			runOnlyForDeploymentPostprocessing = 0;
		};
		8D8F1FB81FDAE69500C69041 /* Resources */ = {
			isa = PBXResourcesBuildPhase;
			buildActionMask = 2147483647;
			files = (
			);
			runOnlyForDeploymentPostprocessing = 0;
		};
		8D8F1FC31FDAE69500C69041 /* Resources */ = {
			isa = PBXResourcesBuildPhase;
			buildActionMask = 2147483647;
			files = (
			);
			runOnlyForDeploymentPostprocessing = 0;
		};
/* End PBXResourcesBuildPhase section */

/* Begin PBXSourcesBuildPhase section */
		8D8F1FA21FDAE69500C69041 /* Sources */ = {
			isa = PBXSourcesBuildPhase;
			buildActionMask = 2147483647;
			files = (
				8D8F1FAC1FDAE69500C69041 /* ViewController.swift in Sources */,
				8D8F1FAA1FDAE69500C69041 /* AppDelegate.swift in Sources */,
			);
			runOnlyForDeploymentPostprocessing = 0;
		};
		8D8F1FB61FDAE69500C69041 /* Sources */ = {
			isa = PBXSourcesBuildPhase;
			buildActionMask = 2147483647;
			files = (
				8D8F1FBF1FDAE69500C69041 /* HackDay2017Tests.swift in Sources */,
			);
			runOnlyForDeploymentPostprocessing = 0;
		};
		8D8F1FC11FDAE69500C69041 /* Sources */ = {
			isa = PBXSourcesBuildPhase;
			buildActionMask = 2147483647;
			files = (
				8D8F1FCA1FDAE69500C69041 /* HackDay2017UITests.swift in Sources */,
			);
			runOnlyForDeploymentPostprocessing = 0;
		};
/* End PBXSourcesBuildPhase section */

/* Begin PBXTargetDependency section */
		8D8F1FBC1FDAE69500C69041 /* PBXTargetDependency */ = {
			isa = PBXTargetDependency;
			target = 8D8F1FA51FDAE69500C69041 /* HackDay2017 */;
			targetProxy = 8D8F1FBB1FDAE69500C69041 /* PBXContainerItemProxy */;
		};
		8D8F1FC71FDAE69500C69041 /* PBXTargetDependency */ = {
			isa = PBXTargetDependency;
			target = 8D8F1FA51FDAE69500C69041 /* HackDay2017 */;
			targetProxy = 8D8F1FC61FDAE69500C69041 /* PBXContainerItemProxy */;
		};
/* End PBXTargetDependency section */

/* Begin PBXVariantGroup section */
		8D8F1FAD1FDAE69500C69041 /* Main.storyboard */ = {
			isa = PBXVariantGroup;
			children = (
				8D8F1FAE1FDAE69500C69041 /* Base */,
			);
			name = Main.storyboard;
			sourceTree = "<group>";
		};
		8D8F1FB21FDAE69500C69041 /* LaunchScreen.storyboard */ = {
			isa = PBXVariantGroup;
			children = (
				8D8F1FB31FDAE69500C69041 /* Base */,
			);
			name = LaunchScreen.storyboard;
			sourceTree = "<group>";
		};
/* End PBXVariantGroup section */

/* Begin XCBuildConfiguration section */
		8D8F1FCC1FDAE69500C69041 /* Debug */ = {
			isa = XCBuildConfiguration;
			buildSettings = {
				ALWAYS_SEARCH_USER_PATHS = NO;
				CLANG_ANALYZER_NONNULL = YES;
				CLANG_ANALYZER_NUMBER_OBJECT_CONVERSION = YES_AGGRESSIVE;
				CLANG_CXX_LANGUAGE_STANDARD = "gnu++14";
				CLANG_CXX_LIBRARY = "libc++";
				CLANG_ENABLE_MODULES = YES;
				CLANG_ENABLE_OBJC_ARC = YES;
				CLANG_WARN_BLOCK_CAPTURE_AUTORELEASING = YES;
				CLANG_WARN_BOOL_CONVERSION = YES;
				CLANG_WARN_COMMA = YES;
				CLANG_WARN_CONSTANT_CONVERSION = YES;
				CLANG_WARN_DIRECT_OBJC_ISA_USAGE = YES_ERROR;
				CLANG_WARN_DOCUMENTATION_COMMENTS = YES;
				CLANG_WARN_EMPTY_BODY = YES;
				CLANG_WARN_ENUM_CONVERSION = YES;
				CLANG_WARN_INFINITE_RECURSION = YES;
				CLANG_WARN_INT_CONVERSION = YES;
				CLANG_WARN_NON_LITERAL_NULL_CONVERSION = YES;
				CLANG_WARN_OBJC_LITERAL_CONVERSION = YES;
				CLANG_WARN_OBJC_ROOT_CLASS = YES_ERROR;
				CLANG_WARN_RANGE_LOOP_ANALYSIS = YES;
				CLANG_WARN_STRICT_PROTOTYPES = YES;
				CLANG_WARN_SUSPICIOUS_MOVE = YES;
				CLANG_WARN_UNGUARDED_AVAILABILITY = YES_AGGRESSIVE;
				CLANG_WARN_UNREACHABLE_CODE = YES;
				CLANG_WARN__DUPLICATE_METHOD_MATCH = YES;
				CODE_SIGN_IDENTITY = "iPhone Developer";
				COPY_PHASE_STRIP = NO;
				DEBUG_INFORMATION_FORMAT = dwarf;
				ENABLE_STRICT_OBJC_MSGSEND = YES;
				ENABLE_TESTABILITY = YES;
				GCC_C_LANGUAGE_STANDARD = gnu11;
				GCC_DYNAMIC_NO_PIC = NO;
				GCC_NO_COMMON_BLOCKS = YES;
				GCC_OPTIMIZATION_LEVEL = 0;
				GCC_PREPROCESSOR_DEFINITIONS = (
					"DEBUG=1",
					"$(inherited)",
				);
				GCC_WARN_64_TO_32_BIT_CONVERSION = YES;
				GCC_WARN_ABOUT_RETURN_TYPE = YES_ERROR;
				GCC_WARN_UNDECLARED_SELECTOR = YES;
				GCC_WARN_UNINITIALIZED_AUTOS = YES_AGGRESSIVE;
				GCC_WARN_UNUSED_FUNCTION = YES;
				GCC_WARN_UNUSED_VARIABLE = YES;
				IPHONEOS_DEPLOYMENT_TARGET = 11.2;
				MTL_ENABLE_DEBUG_INFO = YES;
				ONLY_ACTIVE_ARCH = YES;
				SDKROOT = iphoneos;
				SWIFT_ACTIVE_COMPILATION_CONDITIONS = DEBUG;
				SWIFT_OPTIMIZATION_LEVEL = "-Onone";
			};
			name = Debug;
		};
		8D8F1FCD1FDAE69500C69041 /* Release */ = {
			isa = XCBuildConfiguration;
			buildSettings = {
				ALWAYS_SEARCH_USER_PATHS = NO;
				CLANG_ANALYZER_NONNULL = YES;
				CLANG_ANALYZER_NUMBER_OBJECT_CONVERSION = YES_AGGRESSIVE;
				CLANG_CXX_LANGUAGE_STANDARD = "gnu++14";
				CLANG_CXX_LIBRARY = "libc++";
				CLANG_ENABLE_MODULES = YES;
				CLANG_ENABLE_OBJC_ARC = YES;
				CLANG_WARN_BLOCK_CAPTURE_AUTORELEASING = YES;
				CLANG_WARN_BOOL_CONVERSION = YES;
				CLANG_WARN_COMMA = YES;
				CLANG_WARN_CONSTANT_CONVERSION = YES;
				CLANG_WARN_DIRECT_OBJC_ISA_USAGE = YES_ERROR;
				CLANG_WARN_DOCUMENTATION_COMMENTS = YES;
				CLANG_WARN_EMPTY_BODY = YES;
				CLANG_WARN_ENUM_CONVERSION = YES;
				CLANG_WARN_INFINITE_RECURSION = YES;
				CLANG_WARN_INT_CONVERSION = YES;
				CLANG_WARN_NON_LITERAL_NULL_CONVERSION = YES;
				CLANG_WARN_OBJC_LITERAL_CONVERSION = YES;
				CLANG_WARN_OBJC_ROOT_CLASS = YES_ERROR;
				CLANG_WARN_RANGE_LOOP_ANALYSIS = YES;
				CLANG_WARN_STRICT_PROTOTYPES = YES;
				CLANG_WARN_SUSPICIOUS_MOVE = YES;
				CLANG_WARN_UNGUARDED_AVAILABILITY = YES_AGGRESSIVE;
				CLANG_WARN_UNREACHABLE_CODE = YES;
				CLANG_WARN__DUPLICATE_METHOD_MATCH = YES;
				CODE_SIGN_IDENTITY = "iPhone Developer";
				COPY_PHASE_STRIP = NO;
				DEBUG_INFORMATION_FORMAT = "dwarf-with-dsym";
				ENABLE_NS_ASSERTIONS = NO;
				ENABLE_STRICT_OBJC_MSGSEND = YES;
				GCC_C_LANGUAGE_STANDARD = gnu11;
				GCC_NO_COMMON_BLOCKS = YES;
				GCC_WARN_64_TO_32_BIT_CONVERSION = YES;
				GCC_WARN_ABOUT_RETURN_TYPE = YES_ERROR;
				GCC_WARN_UNDECLARED_SELECTOR = YES;
				GCC_WARN_UNINITIALIZED_AUTOS = YES_AGGRESSIVE;
				GCC_WARN_UNUSED_FUNCTION = YES;
				GCC_WARN_UNUSED_VARIABLE = YES;
				IPHONEOS_DEPLOYMENT_TARGET = 11.2;
				MTL_ENABLE_DEBUG_INFO = NO;
				SDKROOT = iphoneos;
				SWIFT_OPTIMIZATION_LEVEL = "-Owholemodule";
				VALIDATE_PRODUCT = YES;
			};
			name = Release;
		};
		8D8F1FCF1FDAE69500C69041 /* Debug */ = {
			isa = XCBuildConfiguration;
			buildSettings = {
				ASSETCATALOG_COMPILER_APPICON_NAME = AppIcon;
				CODE_SIGN_STYLE = Automatic;
				DEVELOPMENT_TEAM = 5RH346BQ66;
				INFOPLIST_FILE = HackDay2017/Info.plist;
				LD_RUNPATH_SEARCH_PATHS = "$(inherited) @executable_path/Frameworks";
				PRODUCT_BUNDLE_IDENTIFIER = com.swiswiswift.HackDay2017;
				PRODUCT_NAME = "$(TARGET_NAME)";
				SWIFT_VERSION = 4.0;
				TARGETED_DEVICE_FAMILY = "1,2";
			};
			name = Debug;
		};
		8D8F1FD01FDAE69500C69041 /* Release */ = {
			isa = XCBuildConfiguration;
			buildSettings = {
				ASSETCATALOG_COMPILER_APPICON_NAME = AppIcon;
				CODE_SIGN_STYLE = Automatic;
				DEVELOPMENT_TEAM = 5RH346BQ66;
				INFOPLIST_FILE = HackDay2017/Info.plist;
				LD_RUNPATH_SEARCH_PATHS = "$(inherited) @executable_path/Frameworks";
				PRODUCT_BUNDLE_IDENTIFIER = com.swiswiswift.HackDay2017;
				PRODUCT_NAME = "$(TARGET_NAME)";
				SWIFT_VERSION = 4.0;
				TARGETED_DEVICE_FAMILY = "1,2";
			};
			name = Release;
		};
		8D8F1FD21FDAE69500C69041 /* Debug */ = {
			isa = XCBuildConfiguration;
			buildSettings = {
				ALWAYS_EMBED_SWIFT_STANDARD_LIBRARIES = YES;
				BUNDLE_LOADER = "$(TEST_HOST)";
				CODE_SIGN_STYLE = Automatic;
				DEVELOPMENT_TEAM = 5RH346BQ66;
				INFOPLIST_FILE = HackDay2017Tests/Info.plist;
				LD_RUNPATH_SEARCH_PATHS = "$(inherited) @executable_path/Frameworks @loader_path/Frameworks";
				PRODUCT_BUNDLE_IDENTIFIER = com.swiswiswift.HackDay2017Tests;
				PRODUCT_NAME = "$(TARGET_NAME)";
				SWIFT_VERSION = 4.0;
				TARGETED_DEVICE_FAMILY = "1,2";
				TEST_HOST = "$(BUILT_PRODUCTS_DIR)/HackDay2017.app/HackDay2017";
			};
			name = Debug;
		};
		8D8F1FD31FDAE69500C69041 /* Release */ = {
			isa = XCBuildConfiguration;
			buildSettings = {
				ALWAYS_EMBED_SWIFT_STANDARD_LIBRARIES = YES;
				BUNDLE_LOADER = "$(TEST_HOST)";
				CODE_SIGN_STYLE = Automatic;
				DEVELOPMENT_TEAM = 5RH346BQ66;
				INFOPLIST_FILE = HackDay2017Tests/Info.plist;
				LD_RUNPATH_SEARCH_PATHS = "$(inherited) @executable_path/Frameworks @loader_path/Frameworks";
				PRODUCT_BUNDLE_IDENTIFIER = com.swiswiswift.HackDay2017Tests;
				PRODUCT_NAME = "$(TARGET_NAME)";
				SWIFT_VERSION = 4.0;
				TARGETED_DEVICE_FAMILY = "1,2";
				TEST_HOST = "$(BUILT_PRODUCTS_DIR)/HackDay2017.app/HackDay2017";
			};
			name = Release;
		};
		8D8F1FD51FDAE69500C69041 /* Debug */ = {
			isa = XCBuildConfiguration;
			buildSettings = {
				ALWAYS_EMBED_SWIFT_STANDARD_LIBRARIES = YES;
				CODE_SIGN_STYLE = Automatic;
				DEVELOPMENT_TEAM = 5RH346BQ66;
				INFOPLIST_FILE = HackDay2017UITests/Info.plist;
				LD_RUNPATH_SEARCH_PATHS = "$(inherited) @executable_path/Frameworks @loader_path/Frameworks";
				PRODUCT_BUNDLE_IDENTIFIER = com.swiswiswift.HackDay2017UITests;
				PRODUCT_NAME = "$(TARGET_NAME)";
				SWIFT_VERSION = 4.0;
				TARGETED_DEVICE_FAMILY = "1,2";
				TEST_TARGET_NAME = HackDay2017;
			};
			name = Debug;
		};
		8D8F1FD61FDAE69500C69041 /* Release */ = {
			isa = XCBuildConfiguration;
			buildSettings = {
				ALWAYS_EMBED_SWIFT_STANDARD_LIBRARIES = YES;
				CODE_SIGN_STYLE = Automatic;
				DEVELOPMENT_TEAM = 5RH346BQ66;
				INFOPLIST_FILE = HackDay2017UITests/Info.plist;
				LD_RUNPATH_SEARCH_PATHS = "$(inherited) @executable_path/Frameworks @loader_path/Frameworks";
				PRODUCT_BUNDLE_IDENTIFIER = com.swiswiswift.HackDay2017UITests;
				PRODUCT_NAME = "$(TARGET_NAME)";
				SWIFT_VERSION = 4.0;
				TARGETED_DEVICE_FAMILY = "1,2";
				TEST_TARGET_NAME = HackDay2017;
			};
			name = Release;
		};
/* End XCBuildConfiguration section */

/* Begin XCConfigurationList section */
		8D8F1FA11FDAE69500C69041 /* Build configuration list for PBXProject "HackDay2017" */ = {
			isa = XCConfigurationList;
			buildConfigurations = (
				8D8F1FCC1FDAE69500C69041 /* Debug */,
				8D8F1FCD1FDAE69500C69041 /* Release */,
			);
			defaultConfigurationIsVisible = 0;
			defaultConfigurationName = Release;
		};
		8D8F1FCE1FDAE69500C69041 /* Build configuration list for PBXNativeTarget "HackDay2017" */ = {
			isa = XCConfigurationList;
			buildConfigurations = (
				8D8F1FCF1FDAE69500C69041 /* Debug */,
				8D8F1FD01FDAE69500C69041 /* Release */,
			);
			defaultConfigurationIsVisible = 0;
			defaultConfigurationName = Release;
		};
		8D8F1FD11FDAE69500C69041 /* Build configuration list for PBXNativeTarget "HackDay2017Tests" */ = {
			isa = XCConfigurationList;
			buildConfigurations = (
				8D8F1FD21FDAE69500C69041 /* Debug */,
				8D8F1FD31FDAE69500C69041 /* Release */,
			);
			defaultConfigurationIsVisible = 0;
			defaultConfigurationName = Release;
		};
		8D8F1FD41FDAE69500C69041 /* Build configuration list for PBXNativeTarget "HackDay2017UITests" */ = {
			isa = XCConfigurationList;
			buildConfigurations = (
				8D8F1FD51FDAE69500C69041 /* Debug */,
				8D8F1FD61FDAE69500C69041 /* Release */,
			);
			defaultConfigurationIsVisible = 0;
			defaultConfigurationName = Release;
		};
/* End XCConfigurationList section */
	};
	rootObject = 8D8F1F9E1FDAE69500C69041 /* Project object */;
}
